
Microsoft Visual Studio Solution File, Format Version 12.00
# Visual Studio Version 16
VisualStudioVersion = 16.0.31605.320
MinimumVisualStudioVersion = 10.0.40219.1
Project("{FAE04EC0-301F-11D3-BF4B-00C04F79EFBC}") = "exercicio 1078", "exercicio 1078\exercicio 1078.csproj", "{450D08E4-5489-4C8B-B999-69C2CC791920}"
EndProject
Global
	GlobalSection(SolutionConfigurationPlatforms) = preSolution
		Debug|Any CPU = Debug|Any CPU
		Release|Any CPU = Release|Any CPU
	EndGlobalSection
	GlobalSection(ProjectConfigurationPlatforms) = postSolution
		{450D08E4-5489-4C8B-B999-69C2CC791920}.Debug|Any CPU.ActiveCfg = Debug|Any CPU
		{450D08E4-5489-4C8B-B999-69C2CC791920}.Debug|Any CPU.Build.0 = Debug|Any CPU
		{450D08E4-5489-4C8B-B999-69C2CC791920}.Release|Any CPU.ActiveCfg = Release|Any CPU
		{450D08E4-5489-4C8B-B999-69C2CC791920}.Release|Any CPU.Build.0 = Release|Any CPU
	EndGlobalSection
	GlobalSection(SolutionProperties) = preSolution
		HideSolutionNode = FALSE
	EndGlobalSection
	GlobalSection(ExtensibilityGlobals) = postSolution
		SolutionGuid = {D002F18B-79ED-41DD-AC60-EFBAB3DB557C}
	EndGlobalSection
EndGlobal
